
Microsoft Visual Studio Solution File, Format Version 12.00
# Visual Studio Version 17
VisualStudioVersion = 17.2.32630.192
MinimumVisualStudioVersion = 10.0.40219.1
Project("{FAE04EC0-301F-11D3-BF4B-00C04F79EFBC}") = "Practica2", "Practica2\Practica2.csproj", "{133D09BD-DB57-4093-8601-D4D0F1CA96D0}"
EndProject
Global
	GlobalSection(SolutionConfigurationPlatforms) = preSolution
		Debug|Any CPU = Debug|Any CPU
		Release|Any CPU = Release|Any CPU
	EndGlobalSection
	GlobalSection(ProjectConfigurationPlatforms) = postSolution
		{133D09BD-DB57-4093-8601-D4D0F1CA96D0}.Debug|Any CPU.ActiveCfg = Debug|Any CPU
		{133D09BD-DB57-4093-8601-D4D0F1CA96D0}.Debug|Any CPU.Build.0 = Debug|Any CPU
		{133D09BD-DB57-4093-8601-D4D0F1CA96D0}.Release|Any CPU.ActiveCfg = Release|Any CPU
		{133D09BD-DB57-4093-8601-D4D0F1CA96D0}.Release|Any CPU.Build.0 = Release|Any CPU
	EndGlobalSection
	GlobalSection(SolutionProperties) = preSolution
		HideSolutionNode = FALSE
	EndGlobalSection
	GlobalSection(ExtensibilityGlobals) = postSolution
		SolutionGuid = {003828BB-8354-48C8-AE71-8617D6AF47EF}
	EndGlobalSection
EndGlobal
